
Microsoft Visual Studio Solution File, Format Version 12.00
# Visual Studio Version 17
VisualStudioVersion = 17.3.32811.315
MinimumVisualStudioVersion = 10.0.40219.1
Project("{9A19103F-16F7-4668-BE54-9A1E7A4F7556}") = "BankAccountLibary", "BankAccount\BankAccountLibary.csproj", "{C2AB9D18-FE60-43BB-B071-BED9E4FED727}"
EndProject
Project("{9A19103F-16F7-4668-BE54-9A1E7A4F7556}") = "BankAccountUI", "BankAccountUI\BankAccountUI.csproj", "{2E049EC7-E705-49ED-988C-1075B2F289EF}"
EndProject
Project("{FAE04EC0-301F-11D3-BF4B-00C04F79EFBC}") = "WinFormsBankAccount", "WinFormsBankAccount\WinFormsBankAccount.csproj", "{CA4F8AE8-CBE1-498B-8DD3-782F74088781}"
EndProject
Global
	GlobalSection(SolutionConfigurationPlatforms) = preSolution
		Debug|Any CPU = Debug|Any CPU
		Release|Any CPU = Release|Any CPU
	EndGlobalSection
	GlobalSection(ProjectConfigurationPlatforms) = postSolution
		{C2AB9D18-FE60-43BB-B071-BED9E4FED727}.Debug|Any CPU.ActiveCfg = Debug|Any CPU
		{C2AB9D18-FE60-43BB-B071-BED9E4FED727}.Debug|Any CPU.Build.0 = Debug|Any CPU
		{C2AB9D18-FE60-43BB-B071-BED9E4FED727}.Release|Any CPU.ActiveCfg = Release|Any CPU
		{C2AB9D18-FE60-43BB-B071-BED9E4FED727}.Release|Any CPU.Build.0 = Release|Any CPU
		{2E049EC7-E705-49ED-988C-1075B2F289EF}.Debug|Any CPU.ActiveCfg = Debug|Any CPU
		{2E049EC7-E705-49ED-988C-1075B2F289EF}.Debug|Any CPU.Build.0 = Debug|Any CPU
		{2E049EC7-E705-49ED-988C-1075B2F289EF}.Release|Any CPU.ActiveCfg = Release|Any CPU
		{2E049EC7-E705-49ED-988C-1075B2F289EF}.Release|Any CPU.Build.0 = Release|Any CPU
		{CA4F8AE8-CBE1-498B-8DD3-782F74088781}.Debug|Any CPU.ActiveCfg = Debug|Any CPU
		{CA4F8AE8-CBE1-498B-8DD3-782F74088781}.Debug|Any CPU.Build.0 = Debug|Any CPU
		{CA4F8AE8-CBE1-498B-8DD3-782F74088781}.Release|Any CPU.ActiveCfg = Release|Any CPU
		{CA4F8AE8-CBE1-498B-8DD3-782F74088781}.Release|Any CPU.Build.0 = Release|Any CPU
	EndGlobalSection
	GlobalSection(SolutionProperties) = preSolution
		HideSolutionNode = FALSE
	EndGlobalSection
	GlobalSection(ExtensibilityGlobals) = postSolution
		SolutionGuid = {4DD8DCC2-6FC4-4752-A95E-46DE953EB884}
	EndGlobalSection
EndGlobal
